
Microsoft Visual Studio Solution File, Format Version 12.00
# Visual Studio 15
VisualStudioVersion = 15.0.28307.271
MinimumVisualStudioVersion = 10.0.40219.1
Project("{FAE04EC0-301F-11D3-BF4B-00C04F79EFBC}") = "UdemyCSharpUnit8Quiz6", "UdemyCSharpUnit8Quiz6\UdemyCSharpUnit8Quiz6.csproj", "{A87FE337-6CE6-4CEC-ADA8-C13CFE85B96F}"
EndProject
Global
	GlobalSection(SolutionConfigurationPlatforms) = preSolution
		Debug|Any CPU = Debug|Any CPU
		Release|Any CPU = Release|Any CPU
	EndGlobalSection
	GlobalSection(ProjectConfigurationPlatforms) = postSolution
		{A87FE337-6CE6-4CEC-ADA8-C13CFE85B96F}.Debug|Any CPU.ActiveCfg = Debug|Any CPU
		{A87FE337-6CE6-4CEC-ADA8-C13CFE85B96F}.Debug|Any CPU.Build.0 = Debug|Any CPU
		{A87FE337-6CE6-4CEC-ADA8-C13CFE85B96F}.Release|Any CPU.ActiveCfg = Release|Any CPU
		{A87FE337-6CE6-4CEC-ADA8-C13CFE85B96F}.Release|Any CPU.Build.0 = Release|Any CPU
	EndGlobalSection
	GlobalSection(SolutionProperties) = preSolution
		HideSolutionNode = FALSE
	EndGlobalSection
	GlobalSection(ExtensibilityGlobals) = postSolution
		SolutionGuid = {617AB2AA-D2E9-4EB5-B9BD-FC391A509570}
	EndGlobalSection
EndGlobal
